
Microsoft Visual Studio Solution File, Format Version 12.00
# Visual Studio 15
VisualStudioVersion = 15.0.28010.2048
MinimumVisualStudioVersion = 10.0.40219.1
Project("{2150E333-8FDC-42A3-9474-1A3956D46DE8}") = "_WebUI", "_WebUI", "{A77237DA-45BC-4164-891E-5AE6D23DF9AA}"
EndProject
Project("{2150E333-8FDC-42A3-9474-1A3956D46DE8}") = "_Tests", "_Tests", "{41EAC45B-2D7A-4B57-813A-7ABE8A1E65C6}"
EndProject
Project("{2150E333-8FDC-42A3-9474-1A3956D46DE8}") = "_LogChannels", "_LogChannels", "{870BD2EF-6999-4078-8867-1C4709FE4C9B}"
EndProject
Project("{2150E333-8FDC-42A3-9474-1A3956D46DE8}") = "_API", "_API", "{71535CBB-F77E-4869-8667-5C8151996FEC}"
EndProject
Project("{FAE04EC0-301F-11D3-BF4B-00C04F79EFBC}") = "Loggy.Api", "_API\Loggy.Api\Loggy.Api.csproj", "{5CB3AE61-A04E-4FC9-815C-3782D81D06E9}"
EndProject
Project("{FAE04EC0-301F-11D3-BF4B-00C04F79EFBC}") = "Loggy.Api.DataAccess.MongoDb", "_API\Loggy.Api.DataAccess.MongoDb\Loggy.Api.DataAccess.MongoDb.csproj", "{C27844A1-517E-4558-9CFD-6759427491A5}"
EndProject
Project("{FAE04EC0-301F-11D3-BF4B-00C04F79EFBC}") = "Loggy.Api.Model", "_API\Loggy.Api.Model\Loggy.Api.Model.csproj", "{72BFE589-0F8B-49A8-B5FF-8E631D7341A8}"
EndProject
Project("{FAE04EC0-301F-11D3-BF4B-00C04F79EFBC}") = "Loggy.Channels.ApiChannel", "_LogChannels\Loggy.LogChannels.Api\Loggy.Channels.ApiChannel.csproj", "{4F47A13B-8F18-4F8B-A008-958FEB60BCA6}"
EndProject
Project("{FAE04EC0-301F-11D3-BF4B-00C04F79EFBC}") = "Loggy.LogChannels.EmailChannel", "_LogChannels\Loggy.LogChannels.EmailChannel\Loggy.LogChannels.EmailChannel.csproj", "{9C135FB1-A786-4AB1-A466-67A8B36D348E}"
EndProject
Project("{FAE04EC0-301F-11D3-BF4B-00C04F79EFBC}") = "Loggy.Api.Tests", "_Tests\Loggy.Api.Tests\Loggy.Api.Tests.csproj", "{D252A9C7-B8DC-49E4-8293-C09C7EE6DF19}"
EndProject
Project("{FAE04EC0-301F-11D3-BF4B-00C04F79EFBC}") = "Loggy.WebUI", "_WebUI\Loggy.WebUI\Loggy.WebUI.csproj", "{EB5D0319-B760-4FFE-B5A5-A79EF65DCFCE}"
EndProject
Global
	GlobalSection(SolutionConfigurationPlatforms) = preSolution
		Debug|Any CPU = Debug|Any CPU
		Release|Any CPU = Release|Any CPU
	EndGlobalSection
	GlobalSection(ProjectConfigurationPlatforms) = postSolution
		{5CB3AE61-A04E-4FC9-815C-3782D81D06E9}.Debug|Any CPU.ActiveCfg = Debug|Any CPU
		{5CB3AE61-A04E-4FC9-815C-3782D81D06E9}.Debug|Any CPU.Build.0 = Debug|Any CPU
		{5CB3AE61-A04E-4FC9-815C-3782D81D06E9}.Release|Any CPU.ActiveCfg = Release|Any CPU
		{5CB3AE61-A04E-4FC9-815C-3782D81D06E9}.Release|Any CPU.Build.0 = Release|Any CPU
		{C27844A1-517E-4558-9CFD-6759427491A5}.Debug|Any CPU.ActiveCfg = Debug|Any CPU
		{C27844A1-517E-4558-9CFD-6759427491A5}.Debug|Any CPU.Build.0 = Debug|Any CPU
		{C27844A1-517E-4558-9CFD-6759427491A5}.Release|Any CPU.ActiveCfg = Release|Any CPU
		{C27844A1-517E-4558-9CFD-6759427491A5}.Release|Any CPU.Build.0 = Release|Any CPU
		{72BFE589-0F8B-49A8-B5FF-8E631D7341A8}.Debug|Any CPU.ActiveCfg = Debug|Any CPU
		{72BFE589-0F8B-49A8-B5FF-8E631D7341A8}.Debug|Any CPU.Build.0 = Debug|Any CPU
		{72BFE589-0F8B-49A8-B5FF-8E631D7341A8}.Release|Any CPU.ActiveCfg = Release|Any CPU
		{72BFE589-0F8B-49A8-B5FF-8E631D7341A8}.Release|Any CPU.Build.0 = Release|Any CPU
		{4F47A13B-8F18-4F8B-A008-958FEB60BCA6}.Debug|Any CPU.ActiveCfg = Debug|Any CPU
		{4F47A13B-8F18-4F8B-A008-958FEB60BCA6}.Debug|Any CPU.Build.0 = Debug|Any CPU
		{4F47A13B-8F18-4F8B-A008-958FEB60BCA6}.Release|Any CPU.ActiveCfg = Release|Any CPU
		{4F47A13B-8F18-4F8B-A008-958FEB60BCA6}.Release|Any CPU.Build.0 = Release|Any CPU
		{9C135FB1-A786-4AB1-A466-67A8B36D348E}.Debug|Any CPU.ActiveCfg = Debug|Any CPU
		{9C135FB1-A786-4AB1-A466-67A8B36D348E}.Debug|Any CPU.Build.0 = Debug|Any CPU
		{9C135FB1-A786-4AB1-A466-67A8B36D348E}.Release|Any CPU.ActiveCfg = Release|Any CPU
		{9C135FB1-A786-4AB1-A466-67A8B36D348E}.Release|Any CPU.Build.0 = Release|Any CPU
		{D252A9C7-B8DC-49E4-8293-C09C7EE6DF19}.Debug|Any CPU.ActiveCfg = Debug|Any CPU
		{D252A9C7-B8DC-49E4-8293-C09C7EE6DF19}.Debug|Any CPU.Build.0 = Debug|Any CPU
		{D252A9C7-B8DC-49E4-8293-C09C7EE6DF19}.Release|Any CPU.ActiveCfg = Release|Any CPU
		{D252A9C7-B8DC-49E4-8293-C09C7EE6DF19}.Release|Any CPU.Build.0 = Release|Any CPU
		{EB5D0319-B760-4FFE-B5A5-A79EF65DCFCE}.Debug|Any CPU.ActiveCfg = Debug|Any CPU
		{EB5D0319-B760-4FFE-B5A5-A79EF65DCFCE}.Debug|Any CPU.Build.0 = Debug|Any CPU
		{EB5D0319-B760-4FFE-B5A5-A79EF65DCFCE}.Release|Any CPU.ActiveCfg = Release|Any CPU
		{EB5D0319-B760-4FFE-B5A5-A79EF65DCFCE}.Release|Any CPU.Build.0 = Release|Any CPU
	EndGlobalSection
	GlobalSection(SolutionProperties) = preSolution
		HideSolutionNode = FALSE
	EndGlobalSection
	GlobalSection(NestedProjects) = preSolution
		{5CB3AE61-A04E-4FC9-815C-3782D81D06E9} = {71535CBB-F77E-4869-8667-5C8151996FEC}
		{C27844A1-517E-4558-9CFD-6759427491A5} = {71535CBB-F77E-4869-8667-5C8151996FEC}
		{72BFE589-0F8B-49A8-B5FF-8E631D7341A8} = {71535CBB-F77E-4869-8667-5C8151996FEC}
		{4F47A13B-8F18-4F8B-A008-958FEB60BCA6} = {870BD2EF-6999-4078-8867-1C4709FE4C9B}
		{9C135FB1-A786-4AB1-A466-67A8B36D348E} = {870BD2EF-6999-4078-8867-1C4709FE4C9B}
		{D252A9C7-B8DC-49E4-8293-C09C7EE6DF19} = {41EAC45B-2D7A-4B57-813A-7ABE8A1E65C6}
		{EB5D0319-B760-4FFE-B5A5-A79EF65DCFCE} = {A77237DA-45BC-4164-891E-5AE6D23DF9AA}
	EndGlobalSection
	GlobalSection(ExtensibilityGlobals) = postSolution
		SolutionGuid = {411BB96B-FA81-4DDA-A1CE-BFCEF55CBF4C}
	EndGlobalSection
EndGlobal
